
Microsoft Visual Studio Solution File, Format Version 12.00
# Visual Studio Version 17
VisualStudioVersion = 17.7.34024.191
MinimumVisualStudioVersion = 10.0.40219.1
Project("{FAE04EC0-301F-11D3-BF4B-00C04F79EFBC}") = "Labb2-Arv", "Labb2-Arv\Labb2-Arv.csproj", "{3E5B45F2-0E8E-4215-8887-E840CC49E417}"
EndProject
Global
	GlobalSection(SolutionConfigurationPlatforms) = preSolution
		Debug|Any CPU = Debug|Any CPU
		Release|Any CPU = Release|Any CPU
	EndGlobalSection
	GlobalSection(ProjectConfigurationPlatforms) = postSolution
		{3E5B45F2-0E8E-4215-8887-E840CC49E417}.Debug|Any CPU.ActiveCfg = Debug|Any CPU
		{3E5B45F2-0E8E-4215-8887-E840CC49E417}.Debug|Any CPU.Build.0 = Debug|Any CPU
		{3E5B45F2-0E8E-4215-8887-E840CC49E417}.Release|Any CPU.ActiveCfg = Release|Any CPU
		{3E5B45F2-0E8E-4215-8887-E840CC49E417}.Release|Any CPU.Build.0 = Release|Any CPU
	EndGlobalSection
	GlobalSection(SolutionProperties) = preSolution
		HideSolutionNode = FALSE
	EndGlobalSection
	GlobalSection(ExtensibilityGlobals) = postSolution
		SolutionGuid = {E1EE00B8-1317-4510-850F-C2171769F6DB}
	EndGlobalSection
EndGlobal
